
Microsoft Visual Studio Solution File, Format Version 12.00
# Visual Studio 15
VisualStudioVersion = 15.0.28010.2036
MinimumVisualStudioVersion = 10.0.40219.1
Project("{FAE04EC0-301F-11D3-BF4B-00C04F79EFBC}") = "Primera prueba", "Primera prueba\Primera prueba.csproj", "{0493534E-64C5-451A-9775-A637C7D41415}"
EndProject
Global
	GlobalSection(SolutionConfigurationPlatforms) = preSolution
		Debug|Any CPU = Debug|Any CPU
		Release|Any CPU = Release|Any CPU
	EndGlobalSection
	GlobalSection(ProjectConfigurationPlatforms) = postSolution
		{0493534E-64C5-451A-9775-A637C7D41415}.Debug|Any CPU.ActiveCfg = Debug|Any CPU
		{0493534E-64C5-451A-9775-A637C7D41415}.Debug|Any CPU.Build.0 = Debug|Any CPU
		{0493534E-64C5-451A-9775-A637C7D41415}.Release|Any CPU.ActiveCfg = Release|Any CPU
		{0493534E-64C5-451A-9775-A637C7D41415}.Release|Any CPU.Build.0 = Release|Any CPU
	EndGlobalSection
	GlobalSection(SolutionProperties) = preSolution
		HideSolutionNode = FALSE
	EndGlobalSection
	GlobalSection(ExtensibilityGlobals) = postSolution
		SolutionGuid = {89E8FB11-983D-48EC-8DB4-EDACF2E7EADF}
	EndGlobalSection
EndGlobal
